
Microsoft Visual Studio Solution File, Format Version 12.00
Project("{2150E333-8FDC-42A3-9474-1A3956D46DE8}") = "src", "src", "{73EB6CAF-116C-4A50-B64E-1300856EF8DA}"
EndProject
Project("{FAE04EC0-301F-11D3-BF4B-00C04F79EFBC}") = "CatalogService.WebApi", "src\CatalogService.WebApi\CatalogService.WebApi.csproj", "{92BD4E34-61AD-413E-8552-15BE0F52E456}"
EndProject
Project("{FAE04EC0-301F-11D3-BF4B-00C04F79EFBC}") = "CatalogService.Business", "src\CatalogService.Business\CatalogService.Business.csproj", "{8EBD76B9-8ADB-44A4-88F4-955934213E45}"
EndProject
Project("{FAE04EC0-301F-11D3-BF4B-00C04F79EFBC}") = "CatalogService.Repository", "src\CatalogService.Repository\CatalogService.Repository.csproj", "{2A240656-8C6C-4547-8B51-E5D348C7FD36}"
EndProject
Global
	GlobalSection(SolutionConfigurationPlatforms) = preSolution
		Debug|Any CPU = Debug|Any CPU
		Release|Any CPU = Release|Any CPU
	EndGlobalSection
	GlobalSection(NestedProjects) = preSolution
		{92BD4E34-61AD-413E-8552-15BE0F52E456} = {73EB6CAF-116C-4A50-B64E-1300856EF8DA}
		{8EBD76B9-8ADB-44A4-88F4-955934213E45} = {73EB6CAF-116C-4A50-B64E-1300856EF8DA}
		{2A240656-8C6C-4547-8B51-E5D348C7FD36} = {73EB6CAF-116C-4A50-B64E-1300856EF8DA}
	EndGlobalSection
	GlobalSection(ProjectConfigurationPlatforms) = postSolution
		{92BD4E34-61AD-413E-8552-15BE0F52E456}.Debug|Any CPU.ActiveCfg = Debug|Any CPU
		{92BD4E34-61AD-413E-8552-15BE0F52E456}.Debug|Any CPU.Build.0 = Debug|Any CPU
		{92BD4E34-61AD-413E-8552-15BE0F52E456}.Release|Any CPU.ActiveCfg = Release|Any CPU
		{92BD4E34-61AD-413E-8552-15BE0F52E456}.Release|Any CPU.Build.0 = Release|Any CPU
		{8EBD76B9-8ADB-44A4-88F4-955934213E45}.Debug|Any CPU.ActiveCfg = Debug|Any CPU
		{8EBD76B9-8ADB-44A4-88F4-955934213E45}.Debug|Any CPU.Build.0 = Debug|Any CPU
		{8EBD76B9-8ADB-44A4-88F4-955934213E45}.Release|Any CPU.ActiveCfg = Release|Any CPU
		{8EBD76B9-8ADB-44A4-88F4-955934213E45}.Release|Any CPU.Build.0 = Release|Any CPU
		{2A240656-8C6C-4547-8B51-E5D348C7FD36}.Debug|Any CPU.ActiveCfg = Debug|Any CPU
		{2A240656-8C6C-4547-8B51-E5D348C7FD36}.Debug|Any CPU.Build.0 = Debug|Any CPU
		{2A240656-8C6C-4547-8B51-E5D348C7FD36}.Release|Any CPU.ActiveCfg = Release|Any CPU
		{2A240656-8C6C-4547-8B51-E5D348C7FD36}.Release|Any CPU.Build.0 = Release|Any CPU
	EndGlobalSection
EndGlobal
